Microsoft Visual Studio Solution File, Format Version 12.00
# Visual Studio Version 17
VisualStudioVersion = 17.5.2.0
MinimumVisualStudioVersion = 10.0.40219.1
Project("{FAE04EC0-301F-11D3-BF4B-00C04F79EFBC}") = "ProofOfReserveApi", "ProofOfReserveApi.csproj", "{FE6346F6-F517-FE23-FB7F-6EB33C138C9A}"
EndProject
Global
	GlobalSection(SolutionConfigurationPlatforms) = preSolution
		Debug|Any CPU = Debug|Any CPU
		Release|Any CPU = Release|Any CPU
	EndGlobalSection
	GlobalSection(ProjectConfigurationPlatforms) = postSolution
		{FE6346F6-F517-FE23-FB7F-6EB33C138C9A}.Debug|Any CPU.ActiveCfg = Debug|Any CPU
		{FE6346F6-F517-FE23-FB7F-6EB33C138C9A}.Debug|Any CPU.Build.0 = Debug|Any CPU
		{FE6346F6-F517-FE23-FB7F-6EB33C138C9A}.Release|Any CPU.ActiveCfg = Release|Any CPU
		{FE6346F6-F517-FE23-FB7F-6EB33C138C9A}.Release|Any CPU.Build.0 = Release|Any CPU
	EndGlobalSection
	GlobalSection(SolutionProperties) = preSolution
		HideSolutionNode = FALSE
	EndGlobalSection
	GlobalSection(ExtensibilityGlobals) = postSolution
		SolutionGuid = {4D5656EE-92D5-4605-A04A-7CBFD6182AA7}
	EndGlobalSection
EndGlobal
